// !$*UTF8*$!
{
	archiveVersion = 1;
	classes = {
	};
	objectVersion = 55;
	objects = {

/* Begin PBXBuildFile section */
		5217CF8A273351E900022EFD /* UnsplashViewerApp.swift in Sources */ = {isa = PBXBuildFile; fileRef = 5217CF89273351E900022EFD /* UnsplashViewerApp.swift */; };
		5217CF8E273351ED00022EFD /* Assets.xcassets in Resources */ = {isa = PBXBuildFile; fileRef = 5217CF8D273351ED00022EFD /* Assets.xcassets */; };
		5217CF91273351ED00022EFD /* Preview Assets.xcassets in Resources */ = {isa = PBXBuildFile; fileRef = 5217CF90273351ED00022EFD /* Preview Assets.xcassets */; };
		5217CF93273351ED00022EFD /* Persistence.swift in Sources */ = {isa = PBXBuildFile; fileRef = 5217CF92273351ED00022EFD /* Persistence.swift */; };
		5217CF96273351ED00022EFD /* UnsplashViewer.xcdatamodeld in Sources */ = {isa = PBXBuildFile; fileRef = 5217CF94273351ED00022EFD /* UnsplashViewer.xcdatamodeld */; };
		5217CF9E2733520D00022EFD /* SDWebImageSwiftUI in Frameworks */ = {isa = PBXBuildFile; productRef = 5217CF9D2733520D00022EFD /* SDWebImageSwiftUI */; };
		5217CFA62733538500022EFD /* Model.swift in Sources */ = {isa = PBXBuildFile; fileRef = 5217CFA52733538500022EFD /* Model.swift */; };
		5217CFA82733539600022EFD /* NetworkManager.swift in Sources */ = {isa = PBXBuildFile; fileRef = 5217CFA72733539600022EFD /* NetworkManager.swift */; };
		5217CFAA273353A700022EFD /* MainView.swift in Sources */ = {isa = PBXBuildFile; fileRef = 5217CFA9273353A700022EFD /* MainView.swift */; };
		5217CFAC273353B500022EFD /* DetailsView.swift in Sources */ = {isa = PBXBuildFile; fileRef = 5217CFAB273353B500022EFD /* DetailsView.swift */; };
		5217CFAE273353C700022EFD /* MainViewModel.swift in Sources */ = {isa = PBXBuildFile; fileRef = 5217CFAD273353C700022EFD /* MainViewModel.swift */; };
/* End PBXBuildFile section */

/* Begin PBXFileReference section */
		5217CF86273351E900022EFD /* UnsplashViewer.app */ = {isa = PBXFileReference; explicitFileType = wrapper.application; includeInIndex = 0; path = UnsplashViewer.app; sourceTree = BUILT_PRODUCTS_DIR; };
		5217CF89273351E900022EFD /* UnsplashViewerApp.swift */ = {isa = PBXFileReference; lastKnownFileType = sourcecode.swift; path = UnsplashViewerApp.swift; sourceTree = "<group>"; };
		5217CF8D273351ED00022EFD /* Assets.xcassets */ = {isa = PBXFileReference; lastKnownFileType = folder.assetcatalog; path = Assets.xcassets; sourceTree = "<group>"; };
		5217CF90273351ED00022EFD /* Preview Assets.xcassets */ = {isa = PBXFileReference; lastKnownFileType = folder.assetcatalog; path = "Preview Assets.xcassets"; sourceTree = "<group>"; };
		5217CF92273351ED00022EFD /* Persistence.swift */ = {isa = PBXFileReference; lastKnownFileType = sourcecode.swift; path = Persistence.swift; sourceTree = "<group>"; };
		5217CF95273351ED00022EFD /* UnsplashViewer.xcdatamodel */ = {isa = PBXFileReference; lastKnownFileType = wrapper.xcdatamodel; path = UnsplashViewer.xcdatamodel; sourceTree = "<group>"; };
		5217CFA52733538500022EFD /* Model.swift */ = {isa = PBXFileReference; lastKnownFileType = sourcecode.swift; path = Model.swift; sourceTree = "<group>"; };
		5217CFA72733539600022EFD /* NetworkManager.swift */ = {isa = PBXFileReference; lastKnownFileType = sourcecode.swift; path = NetworkManager.swift; sourceTree = "<group>"; };
		5217CFA9273353A700022EFD /* MainView.swift */ = {isa = PBXFileReference; lastKnownFileType = sourcecode.swift; path = MainView.swift; sourceTree = "<group>"; };
		5217CFAB273353B500022EFD /* DetailsView.swift */ = {isa = PBXFileReference; lastKnownFileType = sourcecode.swift; path = DetailsView.swift; sourceTree = "<group>"; };
		5217CFAD273353C700022EFD /* MainViewModel.swift */ = {isa = PBXFileReference; lastKnownFileType = sourcecode.swift; path = MainViewModel.swift; sourceTree = "<group>"; };
/* End PBXFileReference section */

/* Begin PBXFrameworksBuildPhase section */
		5217CF83273351E900022EFD /* Frameworks */ = {
			isa = PBXFrameworksBuildPhase;
			buildActionMask = 2147483647;
			files = (
				5217CF9E2733520D00022EFD /* SDWebImageSwiftUI in Frameworks */,
			);
			runOnlyForDeploymentPostprocessing = 0;
		};
/* End PBXFrameworksBuildPhase section */

/* Begin PBXGroup section */
		5217CF7D273351E900022EFD = {
			isa = PBXGroup;
			children = (
				5217CF88273351E900022EFD /* UnsplashViewer */,
				5217CF87273351E900022EFD /* Products */,
			);
			sourceTree = "<group>";
		};
		5217CF87273351E900022EFD /* Products */ = {
			isa = PBXGroup;
			children = (
				5217CF86273351E900022EFD /* UnsplashViewer.app */,
			);
			name = Products;
			sourceTree = "<group>";
		};
		5217CF88273351E900022EFD /* UnsplashViewer */ = {
			isa = PBXGroup;
			children = (
				5217CF9F2733531600022EFD /* Moduls */,
				5217CF89273351E900022EFD /* UnsplashViewerApp.swift */,
				5217CF8D273351ED00022EFD /* Assets.xcassets */,
				5217CF92273351ED00022EFD /* Persistence.swift */,
				5217CF94273351ED00022EFD /* UnsplashViewer.xcdatamodeld */,
				5217CF8F273351ED00022EFD /* Preview Content */,
			);
			path = UnsplashViewer;
			sourceTree = "<group>";
		};
		5217CF8F273351ED00022EFD /* Preview Content */ = {
			isa = PBXGroup;
			children = (
				5217CF90273351ED00022EFD /* Preview Assets.xcassets */,
			);
			path = "Preview Content";
			sourceTree = "<group>";
		};
		5217CF9F2733531600022EFD /* Moduls */ = {
			isa = PBXGroup;
			children = (
				5217CFA12733532900022EFD /* NetworkManager */,
				5217CFA02733532200022EFD /* Main */,
			);
			path = Moduls;
			sourceTree = "<group>";
		};
		5217CFA02733532200022EFD /* Main */ = {
			isa = PBXGroup;
			children = (
				5217CFA42733536C00022EFD /* Model */,
				5217CFA32733536200022EFD /* View */,
				5217CFA22733533800022EFD /* ViewModel */,
			);
			path = Main;
			sourceTree = "<group>";
		};
		5217CFA12733532900022EFD /* NetworkManager */ = {
			isa = PBXGroup;
			children = (
				5217CFA72733539600022EFD /* NetworkManager.swift */,
			);
			path = NetworkManager;
			sourceTree = "<group>";
		};
		5217CFA22733533800022EFD /* ViewModel */ = {
			isa = PBXGroup;
			children = (
				5217CFAD273353C700022EFD /* MainViewModel.swift */,
			);
			path = ViewModel;
			sourceTree = "<group>";
		};
		5217CFA32733536200022EFD /* View */ = {
			isa = PBXGroup;
			children = (
				5217CFA9273353A700022EFD /* MainView.swift */,
				5217CFAB273353B500022EFD /* DetailsView.swift */,
			);
			path = View;
			sourceTree = "<group>";
		};
		5217CFA42733536C00022EFD /* Model */ = {
			isa = PBXGroup;
			children = (
				5217CFA52733538500022EFD /* Model.swift */,
			);
			path = Model;
			sourceTree = "<group>";
		};
/* End PBXGroup section */

/* Begin PBXNativeTarget section */
		5217CF85273351E900022EFD /* UnsplashViewer */ = {
			isa = PBXNativeTarget;
			buildConfigurationList = 5217CF99273351ED00022EFD /* Build configuration list for PBXNativeTarget "UnsplashViewer" */;
			buildPhases = (
				5217CF82273351E900022EFD /* Sources */,
				5217CF83273351E900022EFD /* Frameworks */,
				5217CF84273351E900022EFD /* Resources */,
			);
			buildRules = (
			);
			dependencies = (
			);
			name = UnsplashViewer;
			packageProductDependencies = (
				5217CF9D2733520D00022EFD /* SDWebImageSwiftUI */,
			);
			productName = UnsplashViewer;
			productReference = 5217CF86273351E900022EFD /* UnsplashViewer.app */;
			productType = "com.apple.product-type.application";
		};
/* End PBXNativeTarget section */

/* Begin PBXProject section */
		5217CF7E273351E900022EFD /* Project object */ = {
			isa = PBXProject;
			attributes = {
				BuildIndependentTargetsInParallel = 1;
				LastSwiftUpdateCheck = 1300;
				LastUpgradeCheck = 1300;
				TargetAttributes = {
					5217CF85273351E900022EFD = {
						CreatedOnToolsVersion = 13.0;
					};
				};
			};
			buildConfigurationList = 5217CF81273351E900022EFD /* Build configuration list for PBXProject "UnsplashViewer" */;
			compatibilityVersion = "Xcode 13.0";
			developmentRegion = en;
			hasScannedForEncodings = 0;
			knownRegions = (
				en,
				Base,
			);
			mainGroup = 5217CF7D273351E900022EFD;
			packageReferences = (
				5217CF9C2733520D00022EFD /* XCRemoteSwiftPackageReference "SDWebImageSwiftUI" */,
			);
			productRefGroup = 5217CF87273351E900022EFD /* Products */;
			projectDirPath = "";
			projectRoot = "";
			targets = (
				5217CF85273351E900022EFD /* UnsplashViewer */,
			);
		};
/* End PBXProject section */

/* Begin PBXResourcesBuildPhase section */
		5217CF84273351E900022EFD /* Resources */ = {
			isa = PBXResourcesBuildPhase;
			buildActionMask = 2147483647;
			files = (
				5217CF91273351ED00022EFD /* Preview Assets.xcassets in Resources */,
				5217CF8E273351ED00022EFD /* Assets.xcassets in Resources */,
			);
			runOnlyForDeploymentPostprocessing = 0;
		};
/* End PBXResourcesBuildPhase section */

/* Begin PBXSourcesBuildPhase section */
		5217CF82273351E900022EFD /* Sources */ = {
			isa = PBXSourcesBuildPhase;
			buildActionMask = 2147483647;
			files = (
				5217CFA82733539600022EFD /* NetworkManager.swift in Sources */,
				5217CFAE273353C700022EFD /* MainViewModel.swift in Sources */,
				5217CFAA273353A700022EFD /* MainView.swift in Sources */,
				5217CFA62733538500022EFD /* Model.swift in Sources */,
				5217CF93273351ED00022EFD /* Persistence.swift in Sources */,
				5217CFAC273353B500022EFD /* DetailsView.swift in Sources */,
				5217CF8A273351E900022EFD /* UnsplashViewerApp.swift in Sources */,
				5217CF96273351ED00022EFD /* UnsplashViewer.xcdatamodeld in Sources */,
			);
			runOnlyForDeploymentPostprocessing = 0;
		};
/* End PBXSourcesBuildPhase section */

/* Begin XCBuildConfiguration section */
		5217CF97273351ED00022EFD /* Debug */ = {
			isa = XCBuildConfiguration;
			buildSettings = {
				ALWAYS_SEARCH_USER_PATHS = NO;
				CLANG_ANALYZER_NONNULL = YES;
				CLANG_ANALYZER_NUMBER_OBJECT_CONVERSION = YES_AGGRESSIVE;
				CLANG_CXX_LANGUAGE_STANDARD = "gnu++17";
				CLANG_CXX_LIBRARY = "libc++";
				CLANG_ENABLE_MODULES = YES;
				CLANG_ENABLE_OBJC_ARC = YES;
				CLANG_ENABLE_OBJC_WEAK = YES;
				CLANG_WARN_BLOCK_CAPTURE_AUTORELEASING = YES;
				CLANG_WARN_BOOL_CONVERSION = YES;
				CLANG_WARN_COMMA = YES;
				CLANG_WARN_CONSTANT_CONVERSION = YES;
				CLANG_WARN_DEPRECATED_OBJC_IMPLEMENTATIONS = YES;
				CLANG_WARN_DIRECT_OBJC_ISA_USAGE = YES_ERROR;
				CLANG_WARN_DOCUMENTATION_COMMENTS = YES;
				CLANG_WARN_EMPTY_BODY = YES;
				CLANG_WARN_ENUM_CONVERSION = YES;
				CLANG_WARN_INFINITE_RECURSION = YES;
				CLANG_WARN_INT_CONVERSION = YES;
				CLANG_WARN_NON_LITERAL_NULL_CONVERSION = YES;
				CLANG_WARN_OBJC_IMPLICIT_RETAIN_SELF = YES;
				CLANG_WARN_OBJC_LITERAL_CONVERSION = YES;
				CLANG_WARN_OBJC_ROOT_CLASS = YES_ERROR;
				CLANG_WARN_QUOTED_INCLUDE_IN_FRAMEWORK_HEADER = YES;
				CLANG_WARN_RANGE_LOOP_ANALYSIS = YES;
				CLANG_WARN_STRICT_PROTOTYPES = YES;
				CLANG_WARN_SUSPICIOUS_MOVE = YES;
				CLANG_WARN_UNGUARDED_AVAILABILITY = YES_AGGRESSIVE;
				CLANG_WARN_UNREACHABLE_CODE = YES;
				CLANG_WARN__DUPLICATE_METHOD_MATCH = YES;
				COPY_PHASE_STRIP = NO;
				DEBUG_INFORMATION_FORMAT = dwarf;
				ENABLE_STRICT_OBJC_MSGSEND = YES;
				ENABLE_TESTABILITY = YES;
				GCC_C_LANGUAGE_STANDARD = gnu11;
				GCC_DYNAMIC_NO_PIC = NO;
				GCC_NO_COMMON_BLOCKS = YES;
				GCC_OPTIMIZATION_LEVEL = 0;
				GCC_PREPROCESSOR_DEFINITIONS = (
					"DEBUG=1",
					"$(inherited)",
				);
				GCC_WARN_64_TO_32_BIT_CONVERSION = YES;
				GCC_WARN_ABOUT_RETURN_TYPE = YES_ERROR;
				GCC_WARN_UNDECLARED_SELECTOR = YES;
				GCC_WARN_UNINITIALIZED_AUTOS = YES_AGGRESSIVE;
				GCC_WARN_UNUSED_FUNCTION = YES;
				GCC_WARN_UNUSED_VARIABLE = YES;
				IPHONEOS_DEPLOYMENT_TARGET = 15.0;
				MTL_ENABLE_DEBUG_INFO = INCLUDE_SOURCE;
				MTL_FAST_MATH = YES;
				ONLY_ACTIVE_ARCH = YES;
				SDKROOT = iphoneos;
				SWIFT_ACTIVE_COMPILATION_CONDITIONS = DEBUG;
				SWIFT_OPTIMIZATION_LEVEL = "-Onone";
			};
			name = Debug;
		};
		5217CF98273351ED00022EFD /* Release */ = {
			isa = XCBuildConfiguration;
			buildSettings = {
				ALWAYS_SEARCH_USER_PATHS = NO;
				CLANG_ANALYZER_NONNULL = YES;
				CLANG_ANALYZER_NUMBER_OBJECT_CONVERSION = YES_AGGRESSIVE;
				CLANG_CXX_LANGUAGE_STANDARD = "gnu++17";
				CLANG_CXX_LIBRARY = "libc++";
				CLANG_ENABLE_MODULES = YES;
				CLANG_ENABLE_OBJC_ARC = YES;
				CLANG_ENABLE_OBJC_WEAK = YES;
				CLANG_WARN_BLOCK_CAPTURE_AUTORELEASING = YES;
				CLANG_WARN_BOOL_CONVERSION = YES;
				CLANG_WARN_COMMA = YES;
				CLANG_WARN_CONSTANT_CONVERSION = YES;
				CLANG_WARN_DEPRECATED_OBJC_IMPLEMENTATIONS = YES;
				CLANG_WARN_DIRECT_OBJC_ISA_USAGE = YES_ERROR;
				CLANG_WARN_DOCUMENTATION_COMMENTS = YES;
				CLANG_WARN_EMPTY_BODY = YES;
				CLANG_WARN_ENUM_CONVERSION = YES;
				CLANG_WARN_INFINITE_RECURSION = YES;
				CLANG_WARN_INT_CONVERSION = YES;
				CLANG_WARN_NON_LITERAL_NULL_CONVERSION = YES;
				CLANG_WARN_OBJC_IMPLICIT_RETAIN_SELF = YES;
				CLANG_WARN_OBJC_LITERAL_CONVERSION = YES;
				CLANG_WARN_OBJC_ROOT_CLASS = YES_ERROR;
				CLANG_WARN_QUOTED_INCLUDE_IN_FRAMEWORK_HEADER = YES;
				CLANG_WARN_RANGE_LOOP_ANALYSIS = YES;
				CLANG_WARN_STRICT_PROTOTYPES = YES;
				CLANG_WARN_SUSPICIOUS_MOVE = YES;
				CLANG_WARN_UNGUARDED_AVAILABILITY = YES_AGGRESSIVE;
				CLANG_WARN_UNREACHABLE_CODE = YES;
				CLANG_WARN__DUPLICATE_METHOD_MATCH = YES;
				COPY_PHASE_STRIP = NO;
				DEBUG_INFORMATION_FORMAT = "dwarf-with-dsym";
				ENABLE_NS_ASSERTIONS = NO;
				ENABLE_STRICT_OBJC_MSGSEND = YES;
				GCC_C_LANGUAGE_STANDARD = gnu11;
				GCC_NO_COMMON_BLOCKS = YES;
				GCC_WARN_64_TO_32_BIT_CONVERSION = YES;
				GCC_WARN_ABOUT_RETURN_TYPE = YES_ERROR;
				GCC_WARN_UNDECLARED_SELECTOR = YES;
				GCC_WARN_UNINITIALIZED_AUTOS = YES_AGGRESSIVE;
				GCC_WARN_UNUSED_FUNCTION = YES;
				GCC_WARN_UNUSED_VARIABLE = YES;
				IPHONEOS_DEPLOYMENT_TARGET = 15.0;
				MTL_ENABLE_DEBUG_INFO = NO;
				MTL_FAST_MATH = YES;
				SDKROOT = iphoneos;
				SWIFT_COMPILATION_MODE = wholemodule;
				SWIFT_OPTIMIZATION_LEVEL = "-O";
				VALIDATE_PRODUCT = YES;
			};
			name = Release;
		};
		5217CF9A273351ED00022EFD /* Debug */ = {
			isa = XCBuildConfiguration;
			buildSettings = {
				ASSETCATALOG_COMPILER_APPICON_NAME = AppIcon;
				ASSETCATALOG_COMPILER_GLOBAL_ACCENT_COLOR_NAME = AccentColor;
				CODE_SIGN_STYLE = Automatic;
				CURRENT_PROJECT_VERSION = 1;
				DEVELOPMENT_ASSET_PATHS = "\"UnsplashViewer/Preview Content\"";
				DEVELOPMENT_TEAM = Q48726KS4H;
				ENABLE_PREVIEWS = YES;
				GENERATE_INFOPLIST_FILE = YES;
				INFOPLIST_KEY_UIApplicationSceneManifest_Generation = YES;
				INFOPLIST_KEY_UIApplicationSupportsIndirectInputEvents = YES;
				INFOPLIST_KEY_UILaunchScreen_Generation = YES;
				INFOPLIST_KEY_UISupportedInterfaceOrientations_iPad = "UIInterfaceOrientationPortrait UIInterfaceOrientationPortraitUpsideDown UIInterfaceOrientationLandscapeLeft UIInterfaceOrientationLandscapeRight";
				INFOPLIST_KEY_UISupportedInterfaceOrientations_iPhone = "UIInterfaceOrientationPortrait UIInterfaceOrientationLandscapeLeft UIInterfaceOrientationLandscapeRight";
				IPHONEOS_DEPLOYMENT_TARGET = 14.0;
				LD_RUNPATH_SEARCH_PATHS = (
					"$(inherited)",
					"@executable_path/Frameworks",
				);
				MARKETING_VERSION = 1.0;
				PRODUCT_BUNDLE_IDENTIFIER = noname.UnsplashViewer;
				PRODUCT_NAME = "$(TARGET_NAME)";
				SWIFT_EMIT_LOC_STRINGS = YES;
				SWIFT_VERSION = 5.0;
				TARGETED_DEVICE_FAMILY = "1,2";
			};
			name = Debug;
		};
		5217CF9B273351ED00022EFD /* Release */ = {
			isa = XCBuildConfiguration;
			buildSettings = {
				ASSETCATALOG_COMPILER_APPICON_NAME = AppIcon;
				ASSETCATALOG_COMPILER_GLOBAL_ACCENT_COLOR_NAME = AccentColor;
				CODE_SIGN_STYLE = Automatic;
				CURRENT_PROJECT_VERSION = 1;
				DEVELOPMENT_ASSET_PATHS = "\"UnsplashViewer/Preview Content\"";
				DEVELOPMENT_TEAM = Q48726KS4H;
				ENABLE_PREVIEWS = YES;
				GENERATE_INFOPLIST_FILE = YES;
				INFOPLIST_KEY_UIApplicationSceneManifest_Generation = YES;
				INFOPLIST_KEY_UIApplicationSupportsIndirectInputEvents = YES;
				INFOPLIST_KEY_UILaunchScreen_Generation = YES;
				INFOPLIST_KEY_UISupportedInterfaceOrientations_iPad = "UIInterfaceOrientationPortrait UIInterfaceOrientationPortraitUpsideDown UIInterfaceOrientationLandscapeLeft UIInterfaceOrientationLandscapeRight";
				INFOPLIST_KEY_UISupportedInterfaceOrientations_iPhone = "UIInterfaceOrientationPortrait UIInterfaceOrientationLandscapeLeft UIInterfaceOrientationLandscapeRight";
				IPHONEOS_DEPLOYMENT_TARGET = 14.0;
				LD_RUNPATH_SEARCH_PATHS = (
					"$(inherited)",
					"@executable_path/Frameworks",
				);
				MARKETING_VERSION = 1.0;
				PRODUCT_BUNDLE_IDENTIFIER = noname.UnsplashViewer;
				PRODUCT_NAME = "$(TARGET_NAME)";
				SWIFT_EMIT_LOC_STRINGS = YES;
				SWIFT_VERSION = 5.0;
				TARGETED_DEVICE_FAMILY = "1,2";
			};
			name = Release;
		};
/* End XCBuildConfiguration section */

/* Begin XCConfigurationList section */
		5217CF81273351E900022EFD /* Build configuration list for PBXProject "UnsplashViewer" */ = {
			isa = XCConfigurationList;
			buildConfigurations = (
				5217CF97273351ED00022EFD /* Debug */,
				5217CF98273351ED00022EFD /* Release */,
			);
			defaultConfigurationIsVisible = 0;
			defaultConfigurationName = Release;
		};
		5217CF99273351ED00022EFD /* Build configuration list for PBXNativeTarget "UnsplashViewer" */ = {
			isa = XCConfigurationList;
			buildConfigurations = (
				5217CF9A273351ED00022EFD /* Debug */,
				5217CF9B273351ED00022EFD /* Release */,
			);
			defaultConfigurationIsVisible = 0;
			defaultConfigurationName = Release;
		};
/* End XCConfigurationList section */

/* Begin XCRemoteSwiftPackageReference section */
		5217CF9C2733520D00022EFD /* XCRemoteSwiftPackageReference "SDWebImageSwiftUI" */ = {
			isa = XCRemoteSwiftPackageReference;
			repositoryURL = "https://github.com/SDWebImage/SDWebImageSwiftUI.git";
			requirement = {
				branch = master;
				kind = branch;
			};
		};
/* End XCRemoteSwiftPackageReference section */

/* Begin XCSwiftPackageProductDependency section */
		5217CF9D2733520D00022EFD /* SDWebImageSwiftUI */ = {
			isa = XCSwiftPackageProductDependency;
			package = 5217CF9C2733520D00022EFD /* XCRemoteSwiftPackageReference "SDWebImageSwiftUI" */;
			productName = SDWebImageSwiftUI;
		};
/* End XCSwiftPackageProductDependency section */

/* Begin XCVersionGroup section */
		5217CF94273351ED00022EFD /* UnsplashViewer.xcdatamodeld */ = {
			isa = XCVersionGroup;
			children = (
				5217CF95273351ED00022EFD /* UnsplashViewer.xcdatamodel */,
			);
			currentVersion = 5217CF95273351ED00022EFD /* UnsplashViewer.xcdatamodel */;
			path = UnsplashViewer.xcdatamodeld;
			sourceTree = "<group>";
			versionGroupType = wrapper.xcdatamodel;
		};
/* End XCVersionGroup section */
	};
	rootObject = 5217CF7E273351E900022EFD /* Project object */;
}
